# This file is automatically @generated by Cargo.
# It is not intended for manual editing.
version = 4

[[package]]
name = "argh"
version = "0.1.17"
source = "registry+https://github.com/rust-lang/crates.io-index"
checksum = "42a66b74feaa2a7eddc2a74d273f151b545742ef375581c5a566607df992565e"
dependencies = [
 "argh_derive",
 "argh_shared",
]

[[package]]
name = "argh_derive"
version = "0.1.17"
source = "registry+https://github.com/rust-lang/crates.io-index"
checksum = "0ce8f59ed4ec07742760cf3593727c8caff28ef4537eeb33be25e5fb454850d1"
dependencies = [
 "argh_shared",
 "proc-macro2",
 "quote",
 "syn",
]

[[package]]
name = "argh_shared"
version = "0.1.17"
source = "registry+https://github.com/rust-lang/crates.io-index"
checksum = "284b476f7c2b6af9aa49f059466ebfa725b0f53c33d271a691e613e9187bf507"

[[package]]
name = "cdvia"
version = "0.1.0"
dependencies = [
 "argh",
 "eyre",
 "shell-quote",
 "simple-eyre",
]

[[package]]
name = "eyre"
version = "0.6.12"
source = "registry+https://github.com/rust-lang/crates.io-index"
checksum = "7cd915d99f24784cdc19fd37ef22b97e3ff0ae756c7e492e9fbfe897d61e2aec"
dependencies = [
 "indenter",
 "once_cell",
]

[[package]]
name = "indenter"
version = "0.3.4"
source = "registry+https://github.com/rust-lang/crates.io-index"
checksum = "964de6e86d545b246d84badc0fef527924ace5134f30641c203ef52ba83f58d5"

[[package]]
name = "once_cell"
version = "1.21.4"
source = "registry+https://github.com/rust-lang/crates.io-index"
checksum = "9f7c3e4beb33f85d45ae3e3a1792185706c8e16d043238c593331cc7cd313b50"

[[package]]
name = "proc-macro2"
version = "1.0.106"
source = "registry+https://github.com/rust-lang/crates.io-index"
checksum = "8fd00f0bb2e90d81d1044c2b32617f68fcb9fa3bb7640c23e9c748e53fb30934"
dependencies = [
 "unicode-ident",
]

[[package]]
name = "quote"
version = "1.0.45"
source = "registry+https://github.com/rust-lang/crates.io-index"
checksum = "41f2619966050689382d2b44f664f4bc593e129785a36d6ee376ddf37259b924"
dependencies = [
 "proc-macro2",
]

[[package]]
name = "shell-quote"
version = "0.7.2"
source = "registry+https://github.com/rust-lang/crates.io-index"
checksum = "fb502615975ae2365825521fa1529ca7648fd03ce0b0746604e0683856ecd7e4"

[[package]]
name = "simple-eyre"
version = "0.3.1"
source = "registry+https://github.com/rust-lang/crates.io-index"
checksum = "1b561532e8ffe7ecf09108c4f662896a9ec3eac4999eba84015ec3dcb8cc630a"
dependencies = [
 "eyre",
 "indenter",
]

[[package]]
name = "syn"
version = "2.0.117"
source = "registry+https://github.com/rust-lang/crates.io-index"
checksum = "e665b8803e7b1d2a727f4023456bbbbe74da67099c585258af0ad9c5013b9b99"
dependencies = [
 "proc-macro2",
 "quote",
 "unicode-ident",
]

[[package]]
name = "unicode-ident"
version = "1.0.24"
source = "registry+https://github.com/rust-lang/crates.io-index"
checksum = "e6e4313cd5fcd3dad5cafa179702e2b244f760991f45397d14d4ebf38247da75"
